
Microsoft Visual Studio Solution File, Format Version 12.00
# Visual Studio Version 16
VisualStudioVersion = 16.0.31229.75
MinimumVisualStudioVersion = 10.0.40219.1
Project("{FAE04EC0-301F-11D3-BF4B-00C04F79EFBC}") = "quanlybanhang0", "quanlybanhang0\quanlybanhang0.csproj", "{D2408B12-2192-4BC0-8E1D-E9252B5AE0E8}"
EndProject
Global
	GlobalSection(SolutionConfigurationPlatforms) = preSolution
		Debug|Any CPU = Debug|Any CPU
		Release|Any CPU = Release|Any CPU
	EndGlobalSection
	GlobalSection(ProjectConfigurationPlatforms) = postSolution
		{D2408B12-2192-4BC0-8E1D-E9252B5AE0E8}.Debug|Any CPU.ActiveCfg = Debug|Any CPU
		{D2408B12-2192-4BC0-8E1D-E9252B5AE0E8}.Debug|Any CPU.Build.0 = Debug|Any CPU
		{D2408B12-2192-4BC0-8E1D-E9252B5AE0E8}.Release|Any CPU.ActiveCfg = Release|Any CPU
		{D2408B12-2192-4BC0-8E1D-E9252B5AE0E8}.Release|Any CPU.Build.0 = Release|Any CPU
	EndGlobalSection
	GlobalSection(SolutionProperties) = preSolution
		HideSolutionNode = FALSE
	EndGlobalSection
	GlobalSection(ExtensibilityGlobals) = postSolution
		SolutionGuid = {675ED698-F87C-4FA9-9129-A667915CC702}
	EndGlobalSection
EndGlobal
